
Microsoft Visual Studio Solution File, Format Version 12.00
# Visual Studio Version 16
VisualStudioVersion = 16.0.29503.13
MinimumVisualStudioVersion = 10.0.40219.1
Project("{FAE04EC0-301F-11D3-BF4B-00C04F79EFBC}") = "Whatever", "Whatever.csproj", "{D99D21F2-2080-41B6-B9FD-43A04FB6CB56}"
EndProject
Global
	GlobalSection(SolutionConfigurationPlatforms) = preSolution
		Debug|Any CPU = Debug|Any CPU
		Release|Any CPU = Release|Any CPU
	EndGlobalSection
	GlobalSection(ProjectConfigurationPlatforms) = postSolution
		{D99D21F2-2080-41B6-B9FD-43A04FB6CB56}.Debug|Any CPU.ActiveCfg = Debug|Any CPU
		{D99D21F2-2080-41B6-B9FD-43A04FB6CB56}.Debug|Any CPU.Build.0 = Debug|Any CPU
		{D99D21F2-2080-41B6-B9FD-43A04FB6CB56}.Release|Any CPU.ActiveCfg = Release|Any CPU
		{D99D21F2-2080-41B6-B9FD-43A04FB6CB56}.Release|Any CPU.Build.0 = Release|Any CPU
	EndGlobalSection
	GlobalSection(SolutionProperties) = preSolution
		HideSolutionNode = FALSE
	EndGlobalSection
	GlobalSection(ExtensibilityGlobals) = postSolution
		SolutionGuid = {64B8FA6F-5FA6-4A40-8E65-70F38AF5FCA3}
	EndGlobalSection
EndGlobal
